
Microsoft Visual Studio Solution File, Format Version 12.00
# Visual Studio Version 17
VisualStudioVersion = 17.10.35122.118
MinimumVisualStudioVersion = 10.0.40219.1
Project("{9A19103F-16F7-4668-BE54-9A1E7A4F7556}") = "MKSCTrackImporter", "MKSCTrackImporter\MKSCTrackImporter.csproj", "{4292ECF2-FA6A-46B3-86A9-FEEA07EBFEDB}"
EndProject
Project("{9A19103F-16F7-4668-BE54-9A1E7A4F7556}") = "BinarySerializer", "BinarySerializer\src\BinarySerializer.csproj", "{07738983-2947-488E-B002-80745DA81AD9}"
EndProject
Project("{9A19103F-16F7-4668-BE54-9A1E7A4F7556}") = "BinarySerializer.Nintendo", "BinarySerializer.Nintendo\src\BinarySerializer.Nintendo.csproj", "{B207BA4B-BE00-476A-B533-DC40C81C3E20}"
EndProject
Project("{9A19103F-16F7-4668-BE54-9A1E7A4F7556}") = "AdvancedLib", "AdvancedLib\AdvancedLib.csproj", "{95E5F48A-6706-4410-A138-B7D8A4982B9C}"
EndProject
Global
	GlobalSection(SolutionConfigurationPlatforms) = preSolution
		Debug|Any CPU = Debug|Any CPU
		Release|Any CPU = Release|Any CPU
	EndGlobalSection
	GlobalSection(ProjectConfigurationPlatforms) = postSolution
		{4292ECF2-FA6A-46B3-86A9-FEEA07EBFEDB}.Debug|Any CPU.ActiveCfg = Debug|Any CPU
		{4292ECF2-FA6A-46B3-86A9-FEEA07EBFEDB}.Debug|Any CPU.Build.0 = Debug|Any CPU
		{4292ECF2-FA6A-46B3-86A9-FEEA07EBFEDB}.Release|Any CPU.ActiveCfg = Release|Any CPU
		{4292ECF2-FA6A-46B3-86A9-FEEA07EBFEDB}.Release|Any CPU.Build.0 = Release|Any CPU
		{07738983-2947-488E-B002-80745DA81AD9}.Debug|Any CPU.ActiveCfg = Debug|Any CPU
		{07738983-2947-488E-B002-80745DA81AD9}.Debug|Any CPU.Build.0 = Debug|Any CPU
		{07738983-2947-488E-B002-80745DA81AD9}.Release|Any CPU.ActiveCfg = Release|Any CPU
		{07738983-2947-488E-B002-80745DA81AD9}.Release|Any CPU.Build.0 = Release|Any CPU
		{B207BA4B-BE00-476A-B533-DC40C81C3E20}.Debug|Any CPU.ActiveCfg = Debug|Any CPU
		{B207BA4B-BE00-476A-B533-DC40C81C3E20}.Debug|Any CPU.Build.0 = Debug|Any CPU
		{B207BA4B-BE00-476A-B533-DC40C81C3E20}.Release|Any CPU.ActiveCfg = Release|Any CPU
		{B207BA4B-BE00-476A-B533-DC40C81C3E20}.Release|Any CPU.Build.0 = Release|Any CPU
		{95E5F48A-6706-4410-A138-B7D8A4982B9C}.Debug|Any CPU.ActiveCfg = Debug|Any CPU
		{95E5F48A-6706-4410-A138-B7D8A4982B9C}.Debug|Any CPU.Build.0 = Debug|Any CPU
		{95E5F48A-6706-4410-A138-B7D8A4982B9C}.Release|Any CPU.ActiveCfg = Release|Any CPU
		{95E5F48A-6706-4410-A138-B7D8A4982B9C}.Release|Any CPU.Build.0 = Release|Any CPU
	EndGlobalSection
	GlobalSection(SolutionProperties) = preSolution
		HideSolutionNode = FALSE
	EndGlobalSection
	GlobalSection(ExtensibilityGlobals) = postSolution
		SolutionGuid = {FE15B9CA-6F9F-450A-BBA1-E60AD07A28E7}
	EndGlobalSection
EndGlobal
